{
  "requires": true,
  "lockfileVersion": 1,
  "dependencies": {
    "systemjs": {
      "version": "0.20.17",
      "resolved": "https://registry.npmjs.org/systemjs/-/systemjs-0.20.17.tgz",
      "integrity": "sha512-AK1DBQvn+TaHWPLjZxXE81Y9VCzhu9grs7z/wKYoYp8qV+voasqmjHxZRuK9ZnoJGtrLlLqMcCBjyqErRchWIA=="
    }
  }
}
